{
  "name": "static",
  "version": "1.0.0",
  "lockfileVersion": 2,
  "requires": true,
  "packages": {
    "": {
      "name": "static",
      "version": "1.0.0",
      "license": "ISC",
      "dependencies": {
        "jQuery": "^1.7.4",
        "suneditor": "^2.43.5"
      }
    },
    "node_modules/jQuery": {
      "version": "1.7.4",
      "resolved": "https://registry.npmjs.org/jQuery/-/jQuery-1.7.4.tgz",
      "integrity": "sha1-8y3FyFpwRO6GS0RDue5F+UeLoTc=",
      "deprecated": "This is deprecated. Please use 'jquery' (all lowercase).",
      "engines": {
        "node": ">=0.6"
      }
    },
    "node_modules/suneditor": {
      "version": "2.43.5",
      "resolved": "https://registry.npmjs.org/suneditor/-/suneditor-2.43.5.tgz",
      "integrity": "sha512-52Yiwl63sjrRRiCwqfUIzTOeweNIMNo7oZR3DHHCtBPYnDFFPTaTQJsb5NuxeM0dDVIzxDg0K3VbbA7bj+Rmqg=="
    }
  },
  "dependencies": {
    "jQuery": {
      "version": "1.7.4",
      "resolved": "https://registry.npmjs.org/jQuery/-/jQuery-1.7.4.tgz",
      "integrity": "sha1-8y3FyFpwRO6GS0RDue5F+UeLoTc="
    },
    "suneditor": {
      "version": "2.43.5",
      "resolved": "https://registry.npmjs.org/suneditor/-/suneditor-2.43.5.tgz",
      "integrity": "sha512-52Yiwl63sjrRRiCwqfUIzTOeweNIMNo7oZR3DHHCtBPYnDFFPTaTQJsb5NuxeM0dDVIzxDg0K3VbbA7bj+Rmqg=="
    }
  }
}
